
Microsoft Visual Studio Solution File, Format Version 12.00
# Visual Studio 15
VisualStudioVersion = 15.0.27428.2015
MinimumVisualStudioVersion = 10.0.40219.1
Project("{9A19103F-16F7-4668-BE54-9A1E7A4F7556}") = "Diet", "Diet\Diet.csproj", "{DEF01327-1E35-4E18-9B2F-53998625AAAA}"
EndProject
Project("{FAE04EC0-301F-11D3-BF4B-00C04F79EFBC}") = "MealPlan", "MealPlan\MealPlan.csproj", "{0F9E722E-0C25-4782-BCF8-8DFD34D29E61}"
EndProject
Global
	GlobalSection(SolutionConfigurationPlatforms) = preSolution
		Debug|Any CPU = Debug|Any CPU
		Release|Any CPU = Release|Any CPU
	EndGlobalSection
	GlobalSection(ProjectConfigurationPlatforms) = postSolution
		{DEF01327-1E35-4E18-9B2F-53998625AAAA}.Debug|Any CPU.ActiveCfg = Debug|Any CPU
		{DEF01327-1E35-4E18-9B2F-53998625AAAA}.Debug|Any CPU.Build.0 = Debug|Any CPU
		{DEF01327-1E35-4E18-9B2F-53998625AAAA}.Release|Any CPU.ActiveCfg = Release|Any CPU
		{DEF01327-1E35-4E18-9B2F-53998625AAAA}.Release|Any CPU.Build.0 = Release|Any CPU
		{0F9E722E-0C25-4782-BCF8-8DFD34D29E61}.Debug|Any CPU.ActiveCfg = Debug|Any CPU
		{0F9E722E-0C25-4782-BCF8-8DFD34D29E61}.Debug|Any CPU.Build.0 = Debug|Any CPU
		{0F9E722E-0C25-4782-BCF8-8DFD34D29E61}.Release|Any CPU.ActiveCfg = Release|Any CPU
		{0F9E722E-0C25-4782-BCF8-8DFD34D29E61}.Release|Any CPU.Build.0 = Release|Any CPU
	EndGlobalSection
	GlobalSection(SolutionProperties) = preSolution
		HideSolutionNode = FALSE
	EndGlobalSection
	GlobalSection(ExtensibilityGlobals) = postSolution
		SolutionGuid = {A1EB5B6C-5E4D-4F6F-95E2-2592856D8307}
	EndGlobalSection
EndGlobal
